
Microsoft Visual Studio Solution File, Format Version 12.00
# Visual Studio Version 16
VisualStudioVersion = 16.0.29201.188
MinimumVisualStudioVersion = 10.0.40219.1
Project("{9A19103F-16F7-4668-BE54-9A1E7A4F7556}") = "GoldChart", "GoldChart\GoldChart.csproj", "{3C94703B-8112-4238-8693-3315036B94F6}"
EndProject
Project("{FAE04EC0-301F-11D3-BF4B-00C04F79EFBC}") = "StockInfo", "StockInfo\StockInfo.csproj", "{BBAAFB63-18E7-4AA8-ADB1-CC531976B67B}"
EndProject
Global
	GlobalSection(SolutionConfigurationPlatforms) = preSolution
		Debug|Any CPU = Debug|Any CPU
		Release|Any CPU = Release|Any CPU
	EndGlobalSection
	GlobalSection(ProjectConfigurationPlatforms) = postSolution
		{3C94703B-8112-4238-8693-3315036B94F6}.Debug|Any CPU.ActiveCfg = Debug|Any CPU
		{3C94703B-8112-4238-8693-3315036B94F6}.Debug|Any CPU.Build.0 = Debug|Any CPU
		{3C94703B-8112-4238-8693-3315036B94F6}.Release|Any CPU.ActiveCfg = Release|Any CPU
		{3C94703B-8112-4238-8693-3315036B94F6}.Release|Any CPU.Build.0 = Release|Any CPU
		{BBAAFB63-18E7-4AA8-ADB1-CC531976B67B}.Debug|Any CPU.ActiveCfg = Debug|Any CPU
		{BBAAFB63-18E7-4AA8-ADB1-CC531976B67B}.Debug|Any CPU.Build.0 = Debug|Any CPU
		{BBAAFB63-18E7-4AA8-ADB1-CC531976B67B}.Release|Any CPU.ActiveCfg = Release|Any CPU
		{BBAAFB63-18E7-4AA8-ADB1-CC531976B67B}.Release|Any CPU.Build.0 = Release|Any CPU
	EndGlobalSection
	GlobalSection(SolutionProperties) = preSolution
		HideSolutionNode = FALSE
	EndGlobalSection
	GlobalSection(ExtensibilityGlobals) = postSolution
		SolutionGuid = {CEFEEAAD-8A32-43A4-84B6-EF928FAF079E}
	EndGlobalSection
EndGlobal
