
Microsoft Visual Studio Solution File, Format Version 12.00
# Visual Studio 15
VisualStudioVersion = 15.0.27703.1
MinimumVisualStudioVersion = 10.0.40219.1
Project("{9A19103F-16F7-4668-BE54-9A1E7A4F7556}") = "Data.Services.Test", "Data.Services.Test\Data.Services.Test.csproj", "{9C2919DC-D65F-4AEA-B931-7AEDD7EF53F6}"
EndProject
Project("{9A19103F-16F7-4668-BE54-9A1E7A4F7556}") = "Mqtt.Service", "Mqtt.Service\Mqtt.Service.csproj", "{35AB5DC3-EB0F-47FE-A3EA-0DE733710823}"
EndProject
Project("{9A19103F-16F7-4668-BE54-9A1E7A4F7556}") = "Gold.ExternalApiClient.Service", "Gold.ExternalApiClient.Service\Gold.ExternalApiClient.Service.csproj", "{FC05B2B4-D00B-460D-A236-ECE9EC113A2A}"
EndProject
Project("{9A19103F-16F7-4668-BE54-9A1E7A4F7556}") = "Mqtt.Client", "Mqtt.Client\Mqtt.Client.csproj", "{4A2E339A-0598-4BBF-86AB-F70D06253ED8}"
EndProject
Project("{9A19103F-16F7-4668-BE54-9A1E7A4F7556}") = "Data.Model", "Data.Model\Data.Model.csproj", "{9A7F280E-F388-46AA-8ABA-D8851B2BB4F9}"
EndProject
Project("{9A19103F-16F7-4668-BE54-9A1E7A4F7556}") = "Data.Repositories", "Data.Repositories\Data.Repositories.csproj", "{6D9AF42E-E724-48C1-8104-11AD63C56ADE}"
EndProject
Project("{9A19103F-16F7-4668-BE54-9A1E7A4F7556}") = "Data.Services", "Data.Services\Data.Services.csproj", "{AF587274-0062-44B2-8137-320A79F8A312}"
EndProject
Project("{9A19103F-16F7-4668-BE54-9A1E7A4F7556}") = "Gold.Service", "Gold.Service\Gold.Service.csproj", "{F402A41C-A269-4622-83B5-F5670CFE1227}"
EndProject
Project("{FAE04EC0-301F-11D3-BF4B-00C04F79EFBC}") = "ConsoleApp1", "ConsoleApp1\ConsoleApp1.csproj", "{4D4C7575-980E-49C3-A940-4E148550033E}"
EndProject
Global
	GlobalSection(SolutionConfigurationPlatforms) = preSolution
		Debug|Any CPU = Debug|Any CPU
		Release|Any CPU = Release|Any CPU
	EndGlobalSection
	GlobalSection(ProjectConfigurationPlatforms) = postSolution
		{9C2919DC-D65F-4AEA-B931-7AEDD7EF53F6}.Debug|Any CPU.ActiveCfg = Debug|Any CPU
		{9C2919DC-D65F-4AEA-B931-7AEDD7EF53F6}.Debug|Any CPU.Build.0 = Debug|Any CPU
		{9C2919DC-D65F-4AEA-B931-7AEDD7EF53F6}.Release|Any CPU.ActiveCfg = Release|Any CPU
		{9C2919DC-D65F-4AEA-B931-7AEDD7EF53F6}.Release|Any CPU.Build.0 = Release|Any CPU
		{35AB5DC3-EB0F-47FE-A3EA-0DE733710823}.Debug|Any CPU.ActiveCfg = Debug|Any CPU
		{35AB5DC3-EB0F-47FE-A3EA-0DE733710823}.Debug|Any CPU.Build.0 = Debug|Any CPU
		{35AB5DC3-EB0F-47FE-A3EA-0DE733710823}.Release|Any CPU.ActiveCfg = Release|Any CPU
		{35AB5DC3-EB0F-47FE-A3EA-0DE733710823}.Release|Any CPU.Build.0 = Release|Any CPU
		{FC05B2B4-D00B-460D-A236-ECE9EC113A2A}.Debug|Any CPU.ActiveCfg = Debug|Any CPU
		{FC05B2B4-D00B-460D-A236-ECE9EC113A2A}.Debug|Any CPU.Build.0 = Debug|Any CPU
		{FC05B2B4-D00B-460D-A236-ECE9EC113A2A}.Release|Any CPU.ActiveCfg = Release|Any CPU
		{FC05B2B4-D00B-460D-A236-ECE9EC113A2A}.Release|Any CPU.Build.0 = Release|Any CPU
		{4A2E339A-0598-4BBF-86AB-F70D06253ED8}.Debug|Any CPU.ActiveCfg = Debug|Any CPU
		{4A2E339A-0598-4BBF-86AB-F70D06253ED8}.Debug|Any CPU.Build.0 = Debug|Any CPU
		{4A2E339A-0598-4BBF-86AB-F70D06253ED8}.Release|Any CPU.ActiveCfg = Release|Any CPU
		{4A2E339A-0598-4BBF-86AB-F70D06253ED8}.Release|Any CPU.Build.0 = Release|Any CPU
		{9A7F280E-F388-46AA-8ABA-D8851B2BB4F9}.Debug|Any CPU.ActiveCfg = Debug|Any CPU
		{9A7F280E-F388-46AA-8ABA-D8851B2BB4F9}.Debug|Any CPU.Build.0 = Debug|Any CPU
		{9A7F280E-F388-46AA-8ABA-D8851B2BB4F9}.Release|Any CPU.ActiveCfg = Release|Any CPU
		{9A7F280E-F388-46AA-8ABA-D8851B2BB4F9}.Release|Any CPU.Build.0 = Release|Any CPU
		{6D9AF42E-E724-48C1-8104-11AD63C56ADE}.Debug|Any CPU.ActiveCfg = Debug|Any CPU
		{6D9AF42E-E724-48C1-8104-11AD63C56ADE}.Debug|Any CPU.Build.0 = Debug|Any CPU
		{6D9AF42E-E724-48C1-8104-11AD63C56ADE}.Release|Any CPU.ActiveCfg = Release|Any CPU
		{6D9AF42E-E724-48C1-8104-11AD63C56ADE}.Release|Any CPU.Build.0 = Release|Any CPU
		{AF587274-0062-44B2-8137-320A79F8A312}.Debug|Any CPU.ActiveCfg = Debug|Any CPU
		{AF587274-0062-44B2-8137-320A79F8A312}.Debug|Any CPU.Build.0 = Debug|Any CPU
		{AF587274-0062-44B2-8137-320A79F8A312}.Release|Any CPU.ActiveCfg = Release|Any CPU
		{AF587274-0062-44B2-8137-320A79F8A312}.Release|Any CPU.Build.0 = Release|Any CPU
		{F402A41C-A269-4622-83B5-F5670CFE1227}.Debug|Any CPU.ActiveCfg = Debug|Any CPU
		{F402A41C-A269-4622-83B5-F5670CFE1227}.Debug|Any CPU.Build.0 = Debug|Any CPU
		{F402A41C-A269-4622-83B5-F5670CFE1227}.Release|Any CPU.ActiveCfg = Release|Any CPU
		{F402A41C-A269-4622-83B5-F5670CFE1227}.Release|Any CPU.Build.0 = Release|Any CPU
		{4D4C7575-980E-49C3-A940-4E148550033E}.Debug|Any CPU.ActiveCfg = Debug|Any CPU
		{4D4C7575-980E-49C3-A940-4E148550033E}.Debug|Any CPU.Build.0 = Debug|Any CPU
		{4D4C7575-980E-49C3-A940-4E148550033E}.Release|Any CPU.ActiveCfg = Release|Any CPU
		{4D4C7575-980E-49C3-A940-4E148550033E}.Release|Any CPU.Build.0 = Release|Any CPU
	EndGlobalSection
	GlobalSection(SolutionProperties) = preSolution
		HideSolutionNode = FALSE
	EndGlobalSection
	GlobalSection(ExtensibilityGlobals) = postSolution
		SolutionGuid = {4E1E544F-0A5F-400C-81F4-A53A3D05F873}
	EndGlobalSection
EndGlobal
