
Microsoft Visual Studio Solution File, Format Version 12.00
# Visual Studio 15
VisualStudioVersion = 15.0.27703.1
MinimumVisualStudioVersion = 10.0.40219.1
Project("{FAE04EC0-301F-11D3-BF4B-00C04F79EFBC}") = "Data.Services", "Data.Services\Data.Services.csproj", "{BF845A04-802F-444A-B0EE-E0CA0D04EF48}"
EndProject
Project("{FAE04EC0-301F-11D3-BF4B-00C04F79EFBC}") = "Data.Access", "Data.Access\Data.Access.csproj", "{B2C00868-F98A-4EC8-81BC-0632D499CCB3}"
EndProject
Project("{9A19103F-16F7-4668-BE54-9A1E7A4F7556}") = "WorldMap", "WorldMap\WorldMap.csproj", "{D212DE49-3D8D-4ABC-A4C0-C7E9C7FD27D3}"
EndProject
Project("{2150E333-8FDC-42A3-9474-1A3956D46DE8}") = "Tests", "Tests", "{249E06A9-76A3-4D84-95F9-68D7298811C0}"
EndProject
Project("{9A19103F-16F7-4668-BE54-9A1E7A4F7556}") = "Data.Services.Test", "Data.Services.Test\Data.Services.Test.csproj", "{9C2919DC-D65F-4AEA-B931-7AEDD7EF53F6}"
EndProject
Project("{FAE04EC0-301F-11D3-BF4B-00C04F79EFBC}") = "WebAppMobile", "WebAppMobile\WebAppMobile.csproj", "{1158D8A7-739B-49E2-802F-8DA709D24877}"
EndProject
Project("{2150E333-8FDC-42A3-9474-1A3956D46DE8}") = "MQTT", "MQTT", "{3D523A67-0E14-406A-86E1-1CD900DF43BD}"
EndProject
Project("{FAE04EC0-301F-11D3-BF4B-00C04F79EFBC}") = "MQTTService", "MQTTService\MQTTService.csproj", "{63E8DE61-4B6F-41F6-94E5-8AB170A607E9}"
EndProject
Global
	GlobalSection(SolutionConfigurationPlatforms) = preSolution
		Debug|Any CPU = Debug|Any CPU
		Release|Any CPU = Release|Any CPU
	EndGlobalSection
	GlobalSection(ProjectConfigurationPlatforms) = postSolution
		{BF845A04-802F-444A-B0EE-E0CA0D04EF48}.Debug|Any CPU.ActiveCfg = Debug|Any CPU
		{BF845A04-802F-444A-B0EE-E0CA0D04EF48}.Debug|Any CPU.Build.0 = Debug|Any CPU
		{BF845A04-802F-444A-B0EE-E0CA0D04EF48}.Release|Any CPU.ActiveCfg = Release|Any CPU
		{BF845A04-802F-444A-B0EE-E0CA0D04EF48}.Release|Any CPU.Build.0 = Release|Any CPU
		{B2C00868-F98A-4EC8-81BC-0632D499CCB3}.Debug|Any CPU.ActiveCfg = Debug|Any CPU
		{B2C00868-F98A-4EC8-81BC-0632D499CCB3}.Debug|Any CPU.Build.0 = Debug|Any CPU
		{B2C00868-F98A-4EC8-81BC-0632D499CCB3}.Release|Any CPU.ActiveCfg = Release|Any CPU
		{B2C00868-F98A-4EC8-81BC-0632D499CCB3}.Release|Any CPU.Build.0 = Release|Any CPU
		{D212DE49-3D8D-4ABC-A4C0-C7E9C7FD27D3}.Debug|Any CPU.ActiveCfg = Debug|Any CPU
		{D212DE49-3D8D-4ABC-A4C0-C7E9C7FD27D3}.Debug|Any CPU.Build.0 = Debug|Any CPU
		{D212DE49-3D8D-4ABC-A4C0-C7E9C7FD27D3}.Release|Any CPU.ActiveCfg = Release|Any CPU
		{D212DE49-3D8D-4ABC-A4C0-C7E9C7FD27D3}.Release|Any CPU.Build.0 = Release|Any CPU
		{9C2919DC-D65F-4AEA-B931-7AEDD7EF53F6}.Debug|Any CPU.ActiveCfg = Debug|Any CPU
		{9C2919DC-D65F-4AEA-B931-7AEDD7EF53F6}.Debug|Any CPU.Build.0 = Debug|Any CPU
		{9C2919DC-D65F-4AEA-B931-7AEDD7EF53F6}.Release|Any CPU.ActiveCfg = Release|Any CPU
		{9C2919DC-D65F-4AEA-B931-7AEDD7EF53F6}.Release|Any CPU.Build.0 = Release|Any CPU
		{1158D8A7-739B-49E2-802F-8DA709D24877}.Debug|Any CPU.ActiveCfg = Debug|Any CPU
		{1158D8A7-739B-49E2-802F-8DA709D24877}.Debug|Any CPU.Build.0 = Debug|Any CPU
		{1158D8A7-739B-49E2-802F-8DA709D24877}.Release|Any CPU.ActiveCfg = Release|Any CPU
		{1158D8A7-739B-49E2-802F-8DA709D24877}.Release|Any CPU.Build.0 = Release|Any CPU
		{63E8DE61-4B6F-41F6-94E5-8AB170A607E9}.Debug|Any CPU.ActiveCfg = Debug|Any CPU
		{63E8DE61-4B6F-41F6-94E5-8AB170A607E9}.Debug|Any CPU.Build.0 = Debug|Any CPU
		{63E8DE61-4B6F-41F6-94E5-8AB170A607E9}.Release|Any CPU.ActiveCfg = Release|Any CPU
		{63E8DE61-4B6F-41F6-94E5-8AB170A607E9}.Release|Any CPU.Build.0 = Release|Any CPU
	EndGlobalSection
	GlobalSection(SolutionProperties) = preSolution
		HideSolutionNode = FALSE
	EndGlobalSection
	GlobalSection(NestedProjects) = preSolution
		{9C2919DC-D65F-4AEA-B931-7AEDD7EF53F6} = {249E06A9-76A3-4D84-95F9-68D7298811C0}
		{63E8DE61-4B6F-41F6-94E5-8AB170A607E9} = {3D523A67-0E14-406A-86E1-1CD900DF43BD}
	EndGlobalSection
	GlobalSection(ExtensibilityGlobals) = postSolution
		SolutionGuid = {4E1E544F-0A5F-400C-81F4-A53A3D05F873}
	EndGlobalSection
EndGlobal
